// !$*UTF8*$!
{
	archiveVersion = 1;
	classes = {
	};
	objectVersion = 56;
	objects = {

/* Begin PBXBuildFile section */
		9EBCD08529D8DA2400821686 /* AppDelegate.swift in Sources */ = {isa = PBXBuildFile; fileRef = 9EBCD08429D8DA2400821686 /* AppDelegate.swift */; };
		9EBCD08729D8DA2400821686 /* SceneDelegate.swift in Sources */ = {isa = PBXBuildFile; fileRef = 9EBCD08629D8DA2400821686 /* SceneDelegate.swift */; };
		9EBCD08929D8DA2400821686 /* ViewController.swift in Sources */ = {isa = PBXBuildFile; fileRef = 9EBCD08829D8DA2400821686 /* ViewController.swift */; };
		9EBCD08C29D8DA2400821686 /* Main.storyboard in Resources */ = {isa = PBXBuildFile; fileRef = 9EBCD08A29D8DA2400821686 /* Main.storyboard */; };
		9EBCD08E29D8DA2900821686 /* Assets.xcassets in Resources */ = {isa = PBXBuildFile; fileRef = 9EBCD08D29D8DA2900821686 /* Assets.xcassets */; };
		9EBCD09129D8DA2900821686 /* LaunchScreen.storyboard in Resources */ = {isa = PBXBuildFile; fileRef = 9EBCD08F29D8DA2900821686 /* LaunchScreen.storyboard */; };
		9EBCD09C29D8DA2900821686 /* technovationAppCodeTests.swift in Sources */ = {isa = PBXBuildFile; fileRef = 9EBCD09B29D8DA2900821686 /* technovationAppCodeTests.swift */; };
		9EBCD0A629D8DA2900821686 /* technovationAppCodeUITests.swift in Sources */ = {isa = PBXBuildFile; fileRef = 9EBCD0A529D8DA2900821686 /* technovationAppCodeUITests.swift */; };
		9EBCD0A829D8DA2900821686 /* technovationAppCodeUITestsLaunchTests.swift in Sources */ = {isa = PBXBuildFile; fileRef = 9EBCD0A729D8DA2900821686 /* technovationAppCodeUITestsLaunchTests.swift */; };
/* End PBXBuildFile section */

/* Begin PBXContainerItemProxy section */
		9EBCD09829D8DA2900821686 /* PBXContainerItemProxy */ = {
			isa = PBXContainerItemProxy;
			containerPortal = 9EBCD07929D8DA2300821686 /* Project object */;
			proxyType = 1;
			remoteGlobalIDString = 9EBCD08029D8DA2400821686;
			remoteInfo = technovationAppCode;
		};
		9EBCD0A229D8DA2900821686 /* PBXContainerItemProxy */ = {
			isa = PBXContainerItemProxy;
			containerPortal = 9EBCD07929D8DA2300821686 /* Project object */;
			proxyType = 1;
			remoteGlobalIDString = 9EBCD08029D8DA2400821686;
			remoteInfo = technovationAppCode;
		};
/* End PBXContainerItemProxy section */

/* Begin PBXFileReference section */
		9EBCD08129D8DA2400821686 /* technovationAppCode.app */ = {isa = PBXFileReference; explicitFileType = wrapper.application; includeInIndex = 0; path = technovationAppCode.app; sourceTree = BUILT_PRODUCTS_DIR; };
		9EBCD08429D8DA2400821686 /* AppDelegate.swift */ = {isa = PBXFileReference; lastKnownFileType = sourcecode.swift; path = AppDelegate.swift; sourceTree = "<group>"; };
		9EBCD08629D8DA2400821686 /* SceneDelegate.swift */ = {isa = PBXFileReference; lastKnownFileType = sourcecode.swift; path = SceneDelegate.swift; sourceTree = "<group>"; };
		9EBCD08829D8DA2400821686 /* ViewController.swift */ = {isa = PBXFileReference; lastKnownFileType = sourcecode.swift; path = ViewController.swift; sourceTree = "<group>"; };
		9EBCD08B29D8DA2400821686 /* Base */ = {isa = PBXFileReference; lastKnownFileType = file.storyboard; name = Base; path = Base.lproj/Main.storyboard; sourceTree = "<group>"; };
		9EBCD08D29D8DA2900821686 /* Assets.xcassets */ = {isa = PBXFileReference; lastKnownFileType = folder.assetcatalog; path = Assets.xcassets; sourceTree = "<group>"; };
		9EBCD09029D8DA2900821686 /* Base */ = {isa = PBXFileReference; lastKnownFileType = file.storyboard; name = Base; path = Base.lproj/LaunchScreen.storyboard; sourceTree = "<group>"; };
		9EBCD09229D8DA2900821686 /* Info.plist */ = {isa = PBXFileReference; lastKnownFileType = text.plist.xml; path = Info.plist; sourceTree = "<group>"; };
		9EBCD09729D8DA2900821686 /* technovationAppCodeTests.xctest */ = {isa = PBXFileReference; explicitFileType = wrapper.cfbundle; includeInIndex = 0; path = technovationAppCodeTests.xctest; sourceTree = BUILT_PRODUCTS_DIR; };
		9EBCD09B29D8DA2900821686 /* technovationAppCodeTests.swift */ = {isa = PBXFileReference; lastKnownFileType = sourcecode.swift; path = technovationAppCodeTests.swift; sourceTree = "<group>"; };
		9EBCD0A129D8DA2900821686 /* technovationAppCodeUITests.xctest */ = {isa = PBXFileReference; explicitFileType = wrapper.cfbundle; includeInIndex = 0; path = technovationAppCodeUITests.xctest; sourceTree = BUILT_PRODUCTS_DIR; };
		9EBCD0A529D8DA2900821686 /* technovationAppCodeUITests.swift */ = {isa = PBXFileReference; lastKnownFileType = sourcecode.swift; path = technovationAppCodeUITests.swift; sourceTree = "<group>"; };
		9EBCD0A729D8DA2900821686 /* technovationAppCodeUITestsLaunchTests.swift */ = {isa = PBXFileReference; lastKnownFileType = sourcecode.swift; path = technovationAppCodeUITestsLaunchTests.swift; sourceTree = "<group>"; };
/* End PBXFileReference section */

/* Begin PBXFrameworksBuildPhase section */
		9EBCD07E29D8DA2400821686 /* Frameworks */ = {
			isa = PBXFrameworksBuildPhase;
			buildActionMask = 2147483647;
			files = (
			);
			runOnlyForDeploymentPostprocessing = 0;
		};
		9EBCD09429D8DA2900821686 /* Frameworks */ = {
			isa = PBXFrameworksBuildPhase;
			buildActionMask = 2147483647;
			files = (
			);
			runOnlyForDeploymentPostprocessing = 0;
		};
		9EBCD09E29D8DA2900821686 /* Frameworks */ = {
			isa = PBXFrameworksBuildPhase;
			buildActionMask = 2147483647;
			files = (
			);
			runOnlyForDeploymentPostprocessing = 0;
		};
/* End PBXFrameworksBuildPhase section */

/* Begin PBXGroup section */
		9EBCD07829D8DA2300821686 = {
			isa = PBXGroup;
			children = (
				9EBCD08329D8DA2400821686 /* technovationAppCode */,
				9EBCD09A29D8DA2900821686 /* technovationAppCodeTests */,
				9EBCD0A429D8DA2900821686 /* technovationAppCodeUITests */,
				9EBCD08229D8DA2400821686 /* Products */,
			);
			sourceTree = "<group>";
		};
		9EBCD08229D8DA2400821686 /* Products */ = {
			isa = PBXGroup;
			children = (
				9EBCD08129D8DA2400821686 /* technovationAppCode.app */,
				9EBCD09729D8DA2900821686 /* technovationAppCodeTests.xctest */,
				9EBCD0A129D8DA2900821686 /* technovationAppCodeUITests.xctest */,
			);
			name = Products;
			sourceTree = "<group>";
		};
		9EBCD08329D8DA2400821686 /* technovationAppCode */ = {
			isa = PBXGroup;
			children = (
				9EBCD08429D8DA2400821686 /* AppDelegate.swift */,
				9EBCD08629D8DA2400821686 /* SceneDelegate.swift */,
				9EBCD08829D8DA2400821686 /* ViewController.swift */,
				9EBCD08A29D8DA2400821686 /* Main.storyboard */,
				9EBCD08D29D8DA2900821686 /* Assets.xcassets */,
				9EBCD08F29D8DA2900821686 /* LaunchScreen.storyboard */,
				9EBCD09229D8DA2900821686 /* Info.plist */,
			);
			path = technovationAppCode;
			sourceTree = "<group>";
		};
		9EBCD09A29D8DA2900821686 /* technovationAppCodeTests */ = {
			isa = PBXGroup;
			children = (
				9EBCD09B29D8DA2900821686 /* technovationAppCodeTests.swift */,
			);
			path = technovationAppCodeTests;
			sourceTree = "<group>";
		};
		9EBCD0A429D8DA2900821686 /* technovationAppCodeUITests */ = {
			isa = PBXGroup;
			children = (
				9EBCD0A529D8DA2900821686 /* technovationAppCodeUITests.swift */,
				9EBCD0A729D8DA2900821686 /* technovationAppCodeUITestsLaunchTests.swift */,
			);
			path = technovationAppCodeUITests;
			sourceTree = "<group>";
		};
/* End PBXGroup section */

/* Begin PBXNativeTarget section */
		9EBCD08029D8DA2400821686 /* technovationAppCode */ = {
			isa = PBXNativeTarget;
			buildConfigurationList = 9EBCD0AB29D8DA2900821686 /* Build configuration list for PBXNativeTarget "technovationAppCode" */;
			buildPhases = (
				9EBCD07D29D8DA2400821686 /* Sources */,
				9EBCD07E29D8DA2400821686 /* Frameworks */,
				9EBCD07F29D8DA2400821686 /* Resources */,
			);
			buildRules = (
			);
			dependencies = (
			);
			name = technovationAppCode;
			productName = technovationAppCode;
			productReference = 9EBCD08129D8DA2400821686 /* technovationAppCode.app */;
			productType = "com.apple.product-type.application";
		};
		9EBCD09629D8DA2900821686 /* technovationAppCodeTests */ = {
			isa = PBXNativeTarget;
			buildConfigurationList = 9EBCD0AE29D8DA2900821686 /* Build configuration list for PBXNativeTarget "technovationAppCodeTests" */;
			buildPhases = (
				9EBCD09329D8DA2900821686 /* Sources */,
				9EBCD09429D8DA2900821686 /* Frameworks */,
				9EBCD09529D8DA2900821686 /* Resources */,
			);
			buildRules = (
			);
			dependencies = (
				9EBCD09929D8DA2900821686 /* PBXTargetDependency */,
			);
			name = technovationAppCodeTests;
			productName = technovationAppCodeTests;
			productReference = 9EBCD09729D8DA2900821686 /* technovationAppCodeTests.xctest */;
			productType = "com.apple.product-type.bundle.unit-test";
		};
		9EBCD0A029D8DA2900821686 /* technovationAppCodeUITests */ = {
			isa = PBXNativeTarget;
			buildConfigurationList = 9EBCD0B129D8DA2900821686 /* Build configuration list for PBXNativeTarget "technovationAppCodeUITests" */;
			buildPhases = (
				9EBCD09D29D8DA2900821686 /* Sources */,
				9EBCD09E29D8DA2900821686 /* Frameworks */,
				9EBCD09F29D8DA2900821686 /* Resources */,
			);
			buildRules = (
			);
			dependencies = (
				9EBCD0A329D8DA2900821686 /* PBXTargetDependency */,
			);
			name = technovationAppCodeUITests;
			productName = technovationAppCodeUITests;
			productReference = 9EBCD0A129D8DA2900821686 /* technovationAppCodeUITests.xctest */;
			productType = "com.apple.product-type.bundle.ui-testing";
		};
/* End PBXNativeTarget section */

/* Begin PBXProject section */
		9EBCD07929D8DA2300821686 /* Project object */ = {
			isa = PBXProject;
			attributes = {
				BuildIndependentTargetsInParallel = 1;
				LastSwiftUpdateCheck = 1400;
				LastUpgradeCheck = 1400;
				TargetAttributes = {
					9EBCD08029D8DA2400821686 = {
						CreatedOnToolsVersion = 14.0;
					};
					9EBCD09629D8DA2900821686 = {
						CreatedOnToolsVersion = 14.0;
						TestTargetID = 9EBCD08029D8DA2400821686;
					};
					9EBCD0A029D8DA2900821686 = {
						CreatedOnToolsVersion = 14.0;
						TestTargetID = 9EBCD08029D8DA2400821686;
					};
				};
			};
			buildConfigurationList = 9EBCD07C29D8DA2300821686 /* Build configuration list for PBXProject "technovationAppCode" */;
			compatibilityVersion = "Xcode 14.0";
			developmentRegion = en;
			hasScannedForEncodings = 0;
			knownRegions = (
				en,
				Base,
			);
			mainGroup = 9EBCD07829D8DA2300821686;
			productRefGroup = 9EBCD08229D8DA2400821686 /* Products */;
			projectDirPath = "";
			projectRoot = "";
			targets = (
				9EBCD08029D8DA2400821686 /* technovationAppCode */,
				9EBCD09629D8DA2900821686 /* technovationAppCodeTests */,
				9EBCD0A029D8DA2900821686 /* technovationAppCodeUITests */,
			);
		};
/* End PBXProject section */

/* Begin PBXResourcesBuildPhase section */
		9EBCD07F29D8DA2400821686 /* Resources */ = {
			isa = PBXResourcesBuildPhase;
			buildActionMask = 2147483647;
			files = (
				9EBCD09129D8DA2900821686 /* LaunchScreen.storyboard in Resources */,
				9EBCD08E29D8DA2900821686 /* Assets.xcassets in Resources */,
				9EBCD08C29D8DA2400821686 /* Main.storyboard in Resources */,
			);
			runOnlyForDeploymentPostprocessing = 0;
		};
		9EBCD09529D8DA2900821686 /* Resources */ = {
			isa = PBXResourcesBuildPhase;
			buildActionMask = 2147483647;
			files = (
			);
			runOnlyForDeploymentPostprocessing = 0;
		};
		9EBCD09F29D8DA2900821686 /* Resources */ = {
			isa = PBXResourcesBuildPhase;
			buildActionMask = 2147483647;
			files = (
			);
			runOnlyForDeploymentPostprocessing = 0;
		};
/* End PBXResourcesBuildPhase section */

/* Begin PBXSourcesBuildPhase section */
		9EBCD07D29D8DA2400821686 /* Sources */ = {
			isa = PBXSourcesBuildPhase;
			buildActionMask = 2147483647;
			files = (
				9EBCD08929D8DA2400821686 /* ViewController.swift in Sources */,
				9EBCD08529D8DA2400821686 /* AppDelegate.swift in Sources */,
				9EBCD08729D8DA2400821686 /* SceneDelegate.swift in Sources */,
			);
			runOnlyForDeploymentPostprocessing = 0;
		};
		9EBCD09329D8DA2900821686 /* Sources */ = {
			isa = PBXSourcesBuildPhase;
			buildActionMask = 2147483647;
			files = (
				9EBCD09C29D8DA2900821686 /* technovationAppCodeTests.swift in Sources */,
			);
			runOnlyForDeploymentPostprocessing = 0;
		};
		9EBCD09D29D8DA2900821686 /* Sources */ = {
			isa = PBXSourcesBuildPhase;
			buildActionMask = 2147483647;
			files = (
				9EBCD0A629D8DA2900821686 /* technovationAppCodeUITests.swift in Sources */,
				9EBCD0A829D8DA2900821686 /* technovationAppCodeUITestsLaunchTests.swift in Sources */,
			);
			runOnlyForDeploymentPostprocessing = 0;
		};
/* End PBXSourcesBuildPhase section */

/* Begin PBXTargetDependency section */
		9EBCD09929D8DA2900821686 /* PBXTargetDependency */ = {
			isa = PBXTargetDependency;
			target = 9EBCD08029D8DA2400821686 /* technovationAppCode */;
			targetProxy = 9EBCD09829D8DA2900821686 /* PBXContainerItemProxy */;
		};
		9EBCD0A329D8DA2900821686 /* PBXTargetDependency */ = {
			isa = PBXTargetDependency;
			target = 9EBCD08029D8DA2400821686 /* technovationAppCode */;
			targetProxy = 9EBCD0A229D8DA2900821686 /* PBXContainerItemProxy */;
		};
/* End PBXTargetDependency section */

/* Begin PBXVariantGroup section */
		9EBCD08A29D8DA2400821686 /* Main.storyboard */ = {
			isa = PBXVariantGroup;
			children = (
				9EBCD08B29D8DA2400821686 /* Base */,
			);
			name = Main.storyboard;
			sourceTree = "<group>";
		};
		9EBCD08F29D8DA2900821686 /* LaunchScreen.storyboard */ = {
			isa = PBXVariantGroup;
			children = (
				9EBCD09029D8DA2900821686 /* Base */,
			);
			name = LaunchScreen.storyboard;
			sourceTree = "<group>";
		};
/* End PBXVariantGroup section */

/* Begin XCBuildConfiguration section */
		9EBCD0A929D8DA2900821686 /* Debug */ = {
			isa = XCBuildConfiguration;
			buildSettings = {
				ALWAYS_SEARCH_USER_PATHS = NO;
				CLANG_ANALYZER_NONNULL = YES;
				CLANG_ANALYZER_NUMBER_OBJECT_CONVERSION = YES_AGGRESSIVE;
				CLANG_CXX_LANGUAGE_STANDARD = "gnu++20";
				CLANG_ENABLE_MODULES = YES;
				CLANG_ENABLE_OBJC_ARC = YES;
				CLANG_ENABLE_OBJC_WEAK = YES;
				CLANG_WARN_BLOCK_CAPTURE_AUTORELEASING = YES;
				CLANG_WARN_BOOL_CONVERSION = YES;
				CLANG_WARN_COMMA = YES;
				CLANG_WARN_CONSTANT_CONVERSION = YES;
				CLANG_WARN_DEPRECATED_OBJC_IMPLEMENTATIONS = YES;
				CLANG_WARN_DIRECT_OBJC_ISA_USAGE = YES_ERROR;
				CLANG_WARN_DOCUMENTATION_COMMENTS = YES;
				CLANG_WARN_EMPTY_BODY = YES;
				CLANG_WARN_ENUM_CONVERSION = YES;
				CLANG_WARN_INFINITE_RECURSION = YES;
				CLANG_WARN_INT_CONVERSION = YES;
				CLANG_WARN_NON_LITERAL_NULL_CONVERSION = YES;
				CLANG_WARN_OBJC_IMPLICIT_RETAIN_SELF = YES;
				CLANG_WARN_OBJC_LITERAL_CONVERSION = YES;
				CLANG_WARN_OBJC_ROOT_CLASS = YES_ERROR;
				CLANG_WARN_QUOTED_INCLUDE_IN_FRAMEWORK_HEADER = YES;
				CLANG_WARN_RANGE_LOOP_ANALYSIS = YES;
				CLANG_WARN_STRICT_PROTOTYPES = YES;
				CLANG_WARN_SUSPICIOUS_MOVE = YES;
				CLANG_WARN_UNGUARDED_AVAILABILITY = YES_AGGRESSIVE;
				CLANG_WARN_UNREACHABLE_CODE = YES;
				CLANG_WARN__DUPLICATE_METHOD_MATCH = YES;
				COPY_PHASE_STRIP = NO;
				DEBUG_INFORMATION_FORMAT = dwarf;
				ENABLE_STRICT_OBJC_MSGSEND = YES;
				ENABLE_TESTABILITY = YES;
				GCC_C_LANGUAGE_STANDARD = gnu11;
				GCC_DYNAMIC_NO_PIC = NO;
				GCC_NO_COMMON_BLOCKS = YES;
				GCC_OPTIMIZATION_LEVEL = 0;
				GCC_PREPROCESSOR_DEFINITIONS = (
					"DEBUG=1",
					"$(inherited)",
				);
				GCC_WARN_64_TO_32_BIT_CONVERSION = YES;
				GCC_WARN_ABOUT_RETURN_TYPE = YES_ERROR;
				GCC_WARN_UNDECLARED_SELECTOR = YES;
				GCC_WARN_UNINITIALIZED_AUTOS = YES_AGGRESSIVE;
				GCC_WARN_UNUSED_FUNCTION = YES;
				GCC_WARN_UNUSED_VARIABLE = YES;
				IPHONEOS_DEPLOYMENT_TARGET = 16.0;
				MTL_ENABLE_DEBUG_INFO = INCLUDE_SOURCE;
				MTL_FAST_MATH = YES;
				ONLY_ACTIVE_ARCH = YES;
				SDKROOT = iphoneos;
				SWIFT_ACTIVE_COMPILATION_CONDITIONS = DEBUG;
				SWIFT_OPTIMIZATION_LEVEL = "-Onone";
			};
			name = Debug;
		};
		9EBCD0AA29D8DA2900821686 /* Release */ = {
			isa = XCBuildConfiguration;
			buildSettings = {
				ALWAYS_SEARCH_USER_PATHS = NO;
				CLANG_ANALYZER_NONNULL = YES;
				CLANG_ANALYZER_NUMBER_OBJECT_CONVERSION = YES_AGGRESSIVE;
				CLANG_CXX_LANGUAGE_STANDARD = "gnu++20";
				CLANG_ENABLE_MODULES = YES;
				CLANG_ENABLE_OBJC_ARC = YES;
				CLANG_ENABLE_OBJC_WEAK = YES;
				CLANG_WARN_BLOCK_CAPTURE_AUTORELEASING = YES;
				CLANG_WARN_BOOL_CONVERSION = YES;
				CLANG_WARN_COMMA = YES;
				CLANG_WARN_CONSTANT_CONVERSION = YES;
				CLANG_WARN_DEPRECATED_OBJC_IMPLEMENTATIONS = YES;
				CLANG_WARN_DIRECT_OBJC_ISA_USAGE = YES_ERROR;
				CLANG_WARN_DOCUMENTATION_COMMENTS = YES;
				CLANG_WARN_EMPTY_BODY = YES;
				CLANG_WARN_ENUM_CONVERSION = YES;
				CLANG_WARN_INFINITE_RECURSION = YES;
				CLANG_WARN_INT_CONVERSION = YES;
				CLANG_WARN_NON_LITERAL_NULL_CONVERSION = YES;
				CLANG_WARN_OBJC_IMPLICIT_RETAIN_SELF = YES;
				CLANG_WARN_OBJC_LITERAL_CONVERSION = YES;
				CLANG_WARN_OBJC_ROOT_CLASS = YES_ERROR;
				CLANG_WARN_QUOTED_INCLUDE_IN_FRAMEWORK_HEADER = YES;
				CLANG_WARN_RANGE_LOOP_ANALYSIS = YES;
				CLANG_WARN_STRICT_PROTOTYPES = YES;
				CLANG_WARN_SUSPICIOUS_MOVE = YES;
				CLANG_WARN_UNGUARDED_AVAILABILITY = YES_AGGRESSIVE;
				CLANG_WARN_UNREACHABLE_CODE = YES;
				CLANG_WARN__DUPLICATE_METHOD_MATCH = YES;
				COPY_PHASE_STRIP = NO;
				DEBUG_INFORMATION_FORMAT = "dwarf-with-dsym";
				ENABLE_NS_ASSERTIONS = NO;
				ENABLE_STRICT_OBJC_MSGSEND = YES;
				GCC_C_LANGUAGE_STANDARD = gnu11;
				GCC_NO_COMMON_BLOCKS = YES;
				GCC_WARN_64_TO_32_BIT_CONVERSION = YES;
				GCC_WARN_ABOUT_RETURN_TYPE = YES_ERROR;
				GCC_WARN_UNDECLARED_SELECTOR = YES;
				GCC_WARN_UNINITIALIZED_AUTOS = YES_AGGRESSIVE;
				GCC_WARN_UNUSED_FUNCTION = YES;
				GCC_WARN_UNUSED_VARIABLE = YES;
				IPHONEOS_DEPLOYMENT_TARGET = 16.0;
				MTL_ENABLE_DEBUG_INFO = NO;
				MTL_FAST_MATH = YES;
				SDKROOT = iphoneos;
				SWIFT_COMPILATION_MODE = wholemodule;
				SWIFT_OPTIMIZATION_LEVEL = "-O";
				VALIDATE_PRODUCT = YES;
			};
			name = Release;
		};
		9EBCD0AC29D8DA2900821686 /* Debug */ = {
			isa = XCBuildConfiguration;
			buildSettings = {
				ASSETCATALOG_COMPILER_APPICON_NAME = AppIcon;
				ASSETCATALOG_COMPILER_GLOBAL_ACCENT_COLOR_NAME = AccentColor;
				CODE_SIGN_STYLE = Automatic;
				CURRENT_PROJECT_VERSION = 1;
				GENERATE_INFOPLIST_FILE = YES;
				INFOPLIST_FILE = technovationAppCode/Info.plist;
				INFOPLIST_KEY_UIApplicationSupportsIndirectInputEvents = YES;
				INFOPLIST_KEY_UILaunchStoryboardName = LaunchScreen;
				INFOPLIST_KEY_UIMainStoryboardFile = Main;
				INFOPLIST_KEY_UISupportedInterfaceOrientations_iPad = "UIInterfaceOrientationPortrait UIInterfaceOrientationPortraitUpsideDown UIInterfaceOrientationLandscapeLeft UIInterfaceOrientationLandscapeRight";
				INFOPLIST_KEY_UISupportedInterfaceOrientations_iPhone = "UIInterfaceOrientationPortrait UIInterfaceOrientationLandscapeLeft UIInterfaceOrientationLandscapeRight";
				LD_RUNPATH_SEARCH_PATHS = (
					"$(inherited)",
					"@executable_path/Frameworks",
				);
				MARKETING_VERSION = 1.0;
				PRODUCT_BUNDLE_IDENTIFIER = Era.technovationAppCode;
				PRODUCT_NAME = "$(TARGET_NAME)";
				SWIFT_EMIT_LOC_STRINGS = YES;
				SWIFT_VERSION = 5.0;
				TARGETED_DEVICE_FAMILY = "1,2";
			};
			name = Debug;
		};
		9EBCD0AD29D8DA2900821686 /* Release */ = {
			isa = XCBuildConfiguration;
			buildSettings = {
				ASSETCATALOG_COMPILER_APPICON_NAME = AppIcon;
				ASSETCATALOG_COMPILER_GLOBAL_ACCENT_COLOR_NAME = AccentColor;
				CODE_SIGN_STYLE = Automatic;
				CURRENT_PROJECT_VERSION = 1;
				GENERATE_INFOPLIST_FILE = YES;
				INFOPLIST_FILE = technovationAppCode/Info.plist;
				INFOPLIST_KEY_UIApplicationSupportsIndirectInputEvents = YES;
				INFOPLIST_KEY_UILaunchStoryboardName = LaunchScreen;
				INFOPLIST_KEY_UIMainStoryboardFile = Main;
				INFOPLIST_KEY_UISupportedInterfaceOrientations_iPad = "UIInterfaceOrientationPortrait UIInterfaceOrientationPortraitUpsideDown UIInterfaceOrientationLandscapeLeft UIInterfaceOrientationLandscapeRight";
				INFOPLIST_KEY_UISupportedInterfaceOrientations_iPhone = "UIInterfaceOrientationPortrait UIInterfaceOrientationLandscapeLeft UIInterfaceOrientationLandscapeRight";
				LD_RUNPATH_SEARCH_PATHS = (
					"$(inherited)",
					"@executable_path/Frameworks",
				);
				MARKETING_VERSION = 1.0;
				PRODUCT_BUNDLE_IDENTIFIER = Era.technovationAppCode;
				PRODUCT_NAME = "$(TARGET_NAME)";
				SWIFT_EMIT_LOC_STRINGS = YES;
				SWIFT_VERSION = 5.0;
				TARGETED_DEVICE_FAMILY = "1,2";
			};
			name = Release;
		};
		9EBCD0AF29D8DA2900821686 /* Debug */ = {
			isa = XCBuildConfiguration;
			buildSettings = {
				ALWAYS_EMBED_SWIFT_STANDARD_LIBRARIES = YES;
				BUNDLE_LOADER = "$(TEST_HOST)";
				CODE_SIGN_STYLE = Automatic;
				CURRENT_PROJECT_VERSION = 1;
				GENERATE_INFOPLIST_FILE = YES;
				IPHONEOS_DEPLOYMENT_TARGET = 16.0;
				MARKETING_VERSION = 1.0;
				PRODUCT_BUNDLE_IDENTIFIER = Era.technovationAppCodeTests;
				PRODUCT_NAME = "$(TARGET_NAME)";
				SWIFT_EMIT_LOC_STRINGS = NO;
				SWIFT_VERSION = 5.0;
				TARGETED_DEVICE_FAMILY = "1,2";
				TEST_HOST = "$(BUILT_PRODUCTS_DIR)/technovationAppCode.app/$(BUNDLE_EXECUTABLE_FOLDER_PATH)/technovationAppCode";
			};
			name = Debug;
		};
		9EBCD0B029D8DA2900821686 /* Release */ = {
			isa = XCBuildConfiguration;
			buildSettings = {
				ALWAYS_EMBED_SWIFT_STANDARD_LIBRARIES = YES;
				BUNDLE_LOADER = "$(TEST_HOST)";
				CODE_SIGN_STYLE = Automatic;
				CURRENT_PROJECT_VERSION = 1;
				GENERATE_INFOPLIST_FILE = YES;
				IPHONEOS_DEPLOYMENT_TARGET = 16.0;
				MARKETING_VERSION = 1.0;
				PRODUCT_BUNDLE_IDENTIFIER = Era.technovationAppCodeTests;
				PRODUCT_NAME = "$(TARGET_NAME)";
				SWIFT_EMIT_LOC_STRINGS = NO;
				SWIFT_VERSION = 5.0;
				TARGETED_DEVICE_FAMILY = "1,2";
				TEST_HOST = "$(BUILT_PRODUCTS_DIR)/technovationAppCode.app/$(BUNDLE_EXECUTABLE_FOLDER_PATH)/technovationAppCode";
			};
			name = Release;
		};
		9EBCD0B229D8DA2900821686 /* Debug */ = {
			isa = XCBuildConfiguration;
			buildSettings = {
				ALWAYS_EMBED_SWIFT_STANDARD_LIBRARIES = YES;
				CODE_SIGN_STYLE = Automatic;
				CURRENT_PROJECT_VERSION = 1;
				GENERATE_INFOPLIST_FILE = YES;
				MARKETING_VERSION = 1.0;
				PRODUCT_BUNDLE_IDENTIFIER = Era.technovationAppCodeUITests;
				PRODUCT_NAME = "$(TARGET_NAME)";
				SWIFT_EMIT_LOC_STRINGS = NO;
				SWIFT_VERSION = 5.0;
				TARGETED_DEVICE_FAMILY = "1,2";
				TEST_TARGET_NAME = technovationAppCode;
			};
			name = Debug;
		};
		9EBCD0B329D8DA2900821686 /* Release */ = {
			isa = XCBuildConfiguration;
			buildSettings = {
				ALWAYS_EMBED_SWIFT_STANDARD_LIBRARIES = YES;
				CODE_SIGN_STYLE = Automatic;
				CURRENT_PROJECT_VERSION = 1;
				GENERATE_INFOPLIST_FILE = YES;
				MARKETING_VERSION = 1.0;
				PRODUCT_BUNDLE_IDENTIFIER = Era.technovationAppCodeUITests;
				PRODUCT_NAME = "$(TARGET_NAME)";
				SWIFT_EMIT_LOC_STRINGS = NO;
				SWIFT_VERSION = 5.0;
				TARGETED_DEVICE_FAMILY = "1,2";
				TEST_TARGET_NAME = technovationAppCode;
			};
			name = Release;
		};
/* End XCBuildConfiguration section */

/* Begin XCConfigurationList section */
		9EBCD07C29D8DA2300821686 /* Build configuration list for PBXProject "technovationAppCode" */ = {
			isa = XCConfigurationList;
			buildConfigurations = (
				9EBCD0A929D8DA2900821686 /* Debug */,
				9EBCD0AA29D8DA2900821686 /* Release */,
			);
			defaultConfigurationIsVisible = 0;
			defaultConfigurationName = Release;
		};
		9EBCD0AB29D8DA2900821686 /* Build configuration list for PBXNativeTarget "technovationAppCode" */ = {
			isa = XCConfigurationList;
			buildConfigurations = (
				9EBCD0AC29D8DA2900821686 /* Debug */,
				9EBCD0AD29D8DA2900821686 /* Release */,
			);
			defaultConfigurationIsVisible = 0;
			defaultConfigurationName = Release;
		};
		9EBCD0AE29D8DA2900821686 /* Build configuration list for PBXNativeTarget "technovationAppCodeTests" */ = {
			isa = XCConfigurationList;
			buildConfigurations = (
				9EBCD0AF29D8DA2900821686 /* Debug */,
				9EBCD0B029D8DA2900821686 /* Release */,
			);
			defaultConfigurationIsVisible = 0;
			defaultConfigurationName = Release;
		};
		9EBCD0B129D8DA2900821686 /* Build configuration list for PBXNativeTarget "technovationAppCodeUITests" */ = {
			isa = XCConfigurationList;
			buildConfigurations = (
				9EBCD0B229D8DA2900821686 /* Debug */,
				9EBCD0B329D8DA2900821686 /* Release */,
			);
			defaultConfigurationIsVisible = 0;
			defaultConfigurationName = Release;
		};
/* End XCConfigurationList section */
	};
	rootObject = 9EBCD07929D8DA2300821686 /* Project object */;
}
